dependencies:
- name: food-system-common
  repository: file://../../food-system-common
  version: 0.1.0
- name: configserver
  repository: file://../../food-system-services/configserver
  version: 0.1.0
- name: eurekaserver
  repository: file://../../food-system-services/eurekaserver
  version: 0.1.0
- name: address
  repository: file://../../food-system-services/address
  version: 0.1.0
- name: user
  repository: file://../../food-system-services/user
  version: 0.1.0
- name: userservicedb
  repository: file://../../food-system-services/userservicedb
  version: 0.1.0
- name: addressservicedb
  repository: file://../../food-system-services/addressservicedb
  version: 0.1.0
- name: keycloakdb
  repository: file://../../food-system-services/keycloakdb
  version: 0.1.0
- name: gatewayserver
  repository: file://../../food-system-services/apigatewayserver
  version: 0.1.0
digest: sha256:0311398040a6f7fd09d2d2d8ec39987cb81f0f1a2de4679fa4595355407c2a60
generated: "2024-05-31T14:35:29.8545572+05:30"
