dependencies:
- name: food-system-common
  repository: file://../../food-system-common
  version: 0.1.0
- name: configserver
  repository: file://../../food-system-services/configserver
  version: 0.1.0
- name: eurekaserver
  repository: file://../../food-system-services/eurekaserver
  version: 0.1.0
- name: address
  repository: file://../../food-system-services/address
  version: 0.1.0
- name: user
  repository: file://../../food-system-services/user
  version: 0.1.0
- name: userservicedb
  repository: file://../../food-system-services/userservicedb
  version: 0.1.0
- name: addressservicedb
  repository: file://../../food-system-services/addressservicedb
  version: 0.1.0
digest: sha256:e454ca39964d867212361aa4850a4fa0032a549f67ead8cb97a51e155da6e8b5
generated: "2024-05-27T16:53:45.6010096+05:30"
